
Microsoft Visual Studio Solution File, Format Version 12.00
# Visual Studio 15
VisualStudioVersion = 15.0.27703.2000
MinimumVisualStudioVersion = 10.0.40219.1
Project("{FAE04EC0-301F-11D3-BF4B-00C04F79EFBC}") = "TestCrossTwo.Android", "TestCrossTwo\TestCrossTwo.Android\TestCrossTwo.Android.csproj", "{47E9E205-A237-4692-847E-B5A3B145CAE2}"
EndProject
Project("{FAE04EC0-301F-11D3-BF4B-00C04F79EFBC}") = "TestCrossTwo.UWP", "TestCrossTwo\TestCrossTwo.UWP\TestCrossTwo.UWP.csproj", "{BE279B80-53A3-4A46-BC53-CF6910AF73D1}"
EndProject
Project("{FAE04EC0-301F-11D3-BF4B-00C04F79EFBC}") = "TestCrossTwo", "TestCrossTwo\TestCrossTwo\TestCrossTwo.csproj", "{29D7C044-B1D8-41E1-B2D7-C1BADC621D66}"
EndProject
Project("{FAE04EC0-301F-11D3-BF4B-00C04F79EFBC}") = "TestCrossTwo.Core", "TestCrossTwo.Core\TestCrossTwo.Core.csproj", "{D0D333CB-FA50-4A8A-9BC9-32B7E8BB7357}"
EndProject
Global
	GlobalSection(SolutionConfigurationPlatforms) = preSolution
		Debug|Any CPU = Debug|Any CPU
		Debug|ARM = Debug|ARM
		Debug|x64 = Debug|x64
		Debug|x86 = Debug|x86
		Release|Any CPU = Release|Any CPU
		Release|ARM = Release|ARM
		Release|x64 = Release|x64
		Release|x86 = Release|x86
	EndGlobalSection
	GlobalSection(ProjectConfigurationPlatforms) = postSolution
		{47E9E205-A237-4692-847E-B5A3B145CAE2}.Debug|Any CPU.ActiveCfg = Debug|Any CPU
		{47E9E205-A237-4692-847E-B5A3B145CAE2}.Debug|Any CPU.Build.0 = Debug|Any CPU
		{47E9E205-A237-4692-847E-B5A3B145CAE2}.Debug|Any CPU.Deploy.0 = Debug|Any CPU
		{47E9E205-A237-4692-847E-B5A3B145CAE2}.Debug|ARM.ActiveCfg = Debug|Any CPU
		{47E9E205-A237-4692-847E-B5A3B145CAE2}.Debug|ARM.Build.0 = Debug|Any CPU
		{47E9E205-A237-4692-847E-B5A3B145CAE2}.Debug|ARM.Deploy.0 = Debug|Any CPU
		{47E9E205-A237-4692-847E-B5A3B145CAE2}.Debug|x64.ActiveCfg = Debug|Any CPU
		{47E9E205-A237-4692-847E-B5A3B145CAE2}.Debug|x64.Build.0 = Debug|Any CPU
		{47E9E205-A237-4692-847E-B5A3B145CAE2}.Debug|x64.Deploy.0 = Debug|Any CPU
		{47E9E205-A237-4692-847E-B5A3B145CAE2}.Debug|x86.ActiveCfg = Debug|Any CPU
		{47E9E205-A237-4692-847E-B5A3B145CAE2}.Debug|x86.Build.0 = Debug|Any CPU
		{47E9E205-A237-4692-847E-B5A3B145CAE2}.Debug|x86.Deploy.0 = Debug|Any CPU
		{47E9E205-A237-4692-847E-B5A3B145CAE2}.Release|Any CPU.ActiveCfg = Release|Any CPU
		{47E9E205-A237-4692-847E-B5A3B145CAE2}.Release|Any CPU.Build.0 = Release|Any CPU
		{47E9E205-A237-4692-847E-B5A3B145CAE2}.Release|Any CPU.Deploy.0 = Release|Any CPU
		{47E9E205-A237-4692-847E-B5A3B145CAE2}.Release|ARM.ActiveCfg = Release|Any CPU
		{47E9E205-A237-4692-847E-B5A3B145CAE2}.Release|ARM.Build.0 = Release|Any CPU
		{47E9E205-A237-4692-847E-B5A3B145CAE2}.Release|ARM.Deploy.0 = Release|Any CPU
		{47E9E205-A237-4692-847E-B5A3B145CAE2}.Release|x64.ActiveCfg = Release|Any CPU
		{47E9E205-A237-4692-847E-B5A3B145CAE2}.Release|x64.Build.0 = Release|Any CPU
		{47E9E205-A237-4692-847E-B5A3B145CAE2}.Release|x64.Deploy.0 = Release|Any CPU
		{47E9E205-A237-4692-847E-B5A3B145CAE2}.Release|x86.ActiveCfg = Release|Any CPU
		{47E9E205-A237-4692-847E-B5A3B145CAE2}.Release|x86.Build.0 = Release|Any CPU
		{47E9E205-A237-4692-847E-B5A3B145CAE2}.Release|x86.Deploy.0 = Release|Any CPU
		{BE279B80-53A3-4A46-BC53-CF6910AF73D1}.Debug|Any CPU.ActiveCfg = Debug|x86
		{BE279B80-53A3-4A46-BC53-CF6910AF73D1}.Debug|Any CPU.Build.0 = Debug|x86
		{BE279B80-53A3-4A46-BC53-CF6910AF73D1}.Debug|Any CPU.Deploy.0 = Debug|x86
		{BE279B80-53A3-4A46-BC53-CF6910AF73D1}.Debug|ARM.ActiveCfg = Debug|ARM
		{BE279B80-53A3-4A46-BC53-CF6910AF73D1}.Debug|ARM.Build.0 = Debug|ARM
		{BE279B80-53A3-4A46-BC53-CF6910AF73D1}.Debug|ARM.Deploy.0 = Debug|ARM
		{BE279B80-53A3-4A46-BC53-CF6910AF73D1}.Debug|x64.ActiveCfg = Debug|x64
		{BE279B80-53A3-4A46-BC53-CF6910AF73D1}.Debug|x64.Build.0 = Debug|x64
		{BE279B80-53A3-4A46-BC53-CF6910AF73D1}.Debug|x64.Deploy.0 = Debug|x64
		{BE279B80-53A3-4A46-BC53-CF6910AF73D1}.Debug|x86.ActiveCfg = Debug|x86
		{BE279B80-53A3-4A46-BC53-CF6910AF73D1}.Debug|x86.Build.0 = Debug|x86
		{BE279B80-53A3-4A46-BC53-CF6910AF73D1}.Debug|x86.Deploy.0 = Debug|x86
		{BE279B80-53A3-4A46-BC53-CF6910AF73D1}.Release|Any CPU.ActiveCfg = Release|x86
		{BE279B80-53A3-4A46-BC53-CF6910AF73D1}.Release|Any CPU.Build.0 = Release|x86
		{BE279B80-53A3-4A46-BC53-CF6910AF73D1}.Release|Any CPU.Deploy.0 = Release|x86
		{BE279B80-53A3-4A46-BC53-CF6910AF73D1}.Release|ARM.ActiveCfg = Release|ARM
		{BE279B80-53A3-4A46-BC53-CF6910AF73D1}.Release|ARM.Build.0 = Release|ARM
		{BE279B80-53A3-4A46-BC53-CF6910AF73D1}.Release|ARM.Deploy.0 = Release|ARM
		{BE279B80-53A3-4A46-BC53-CF6910AF73D1}.Release|x64.ActiveCfg = Release|x64
		{BE279B80-53A3-4A46-BC53-CF6910AF73D1}.Release|x64.Build.0 = Release|x64
		{BE279B80-53A3-4A46-BC53-CF6910AF73D1}.Release|x64.Deploy.0 = Release|x64
		{BE279B80-53A3-4A46-BC53-CF6910AF73D1}.Release|x86.ActiveCfg = Release|x86
		{BE279B80-53A3-4A46-BC53-CF6910AF73D1}.Release|x86.Build.0 = Release|x86
		{BE279B80-53A3-4A46-BC53-CF6910AF73D1}.Release|x86.Deploy.0 = Release|x86
		{29D7C044-B1D8-41E1-B2D7-C1BADC621D66}.Debug|Any CPU.ActiveCfg = Debug|Any CPU
		{29D7C044-B1D8-41E1-B2D7-C1BADC621D66}.Debug|Any CPU.Build.0 = Debug|Any CPU
		{29D7C044-B1D8-41E1-B2D7-C1BADC621D66}.Debug|Any CPU.Deploy.0 = Debug|Any CPU
		{29D7C044-B1D8-41E1-B2D7-C1BADC621D66}.Debug|ARM.ActiveCfg = Debug|Any CPU
		{29D7C044-B1D8-41E1-B2D7-C1BADC621D66}.Debug|ARM.Build.0 = Debug|Any CPU
		{29D7C044-B1D8-41E1-B2D7-C1BADC621D66}.Debug|ARM.Deploy.0 = Debug|Any CPU
		{29D7C044-B1D8-41E1-B2D7-C1BADC621D66}.Debug|x64.ActiveCfg = Debug|Any CPU
		{29D7C044-B1D8-41E1-B2D7-C1BADC621D66}.Debug|x64.Build.0 = Debug|Any CPU
		{29D7C044-B1D8-41E1-B2D7-C1BADC621D66}.Debug|x64.Deploy.0 = Debug|Any CPU
		{29D7C044-B1D8-41E1-B2D7-C1BADC621D66}.Debug|x86.ActiveCfg = Debug|Any CPU
		{29D7C044-B1D8-41E1-B2D7-C1BADC621D66}.Debug|x86.Build.0 = Debug|Any CPU
		{29D7C044-B1D8-41E1-B2D7-C1BADC621D66}.Debug|x86.Deploy.0 = Debug|Any CPU
		{29D7C044-B1D8-41E1-B2D7-C1BADC621D66}.Release|Any CPU.ActiveCfg = Release|Any CPU
		{29D7C044-B1D8-41E1-B2D7-C1BADC621D66}.Release|Any CPU.Build.0 = Release|Any CPU
		{29D7C044-B1D8-41E1-B2D7-C1BADC621D66}.Release|Any CPU.Deploy.0 = Release|Any CPU
		{29D7C044-B1D8-41E1-B2D7-C1BADC621D66}.Release|ARM.ActiveCfg = Release|Any CPU
		{29D7C044-B1D8-41E1-B2D7-C1BADC621D66}.Release|ARM.Build.0 = Release|Any CPU
		{29D7C044-B1D8-41E1-B2D7-C1BADC621D66}.Release|ARM.Deploy.0 = Release|Any CPU
		{29D7C044-B1D8-41E1-B2D7-C1BADC621D66}.Release|x64.ActiveCfg = Release|Any CPU
		{29D7C044-B1D8-41E1-B2D7-C1BADC621D66}.Release|x64.Build.0 = Release|Any CPU
		{29D7C044-B1D8-41E1-B2D7-C1BADC621D66}.Release|x64.Deploy.0 = Release|Any CPU
		{29D7C044-B1D8-41E1-B2D7-C1BADC621D66}.Release|x86.ActiveCfg = Release|Any CPU
		{29D7C044-B1D8-41E1-B2D7-C1BADC621D66}.Release|x86.Build.0 = Release|Any CPU
		{29D7C044-B1D8-41E1-B2D7-C1BADC621D66}.Release|x86.Deploy.0 = Release|Any CPU
		{D0D333CB-FA50-4A8A-9BC9-32B7E8BB7357}.Debug|Any CPU.ActiveCfg = Debug|Any CPU
		{D0D333CB-FA50-4A8A-9BC9-32B7E8BB7357}.Debug|Any CPU.Build.0 = Debug|Any CPU
		{D0D333CB-FA50-4A8A-9BC9-32B7E8BB7357}.Debug|ARM.ActiveCfg = Debug|Any CPU
		{D0D333CB-FA50-4A8A-9BC9-32B7E8BB7357}.Debug|ARM.Build.0 = Debug|Any CPU
		{D0D333CB-FA50-4A8A-9BC9-32B7E8BB7357}.Debug|x64.ActiveCfg = Debug|Any CPU
		{D0D333CB-FA50-4A8A-9BC9-32B7E8BB7357}.Debug|x64.Build.0 = Debug|Any CPU
		{D0D333CB-FA50-4A8A-9BC9-32B7E8BB7357}.Debug|x86.ActiveCfg = Debug|Any CPU
		{D0D333CB-FA50-4A8A-9BC9-32B7E8BB7357}.Debug|x86.Build.0 = Debug|Any CPU
		{D0D333CB-FA50-4A8A-9BC9-32B7E8BB7357}.Release|Any CPU.ActiveCfg = Release|Any CPU
		{D0D333CB-FA50-4A8A-9BC9-32B7E8BB7357}.Release|Any CPU.Build.0 = Release|Any CPU
		{D0D333CB-FA50-4A8A-9BC9-32B7E8BB7357}.Release|ARM.ActiveCfg = Release|Any CPU
		{D0D333CB-FA50-4A8A-9BC9-32B7E8BB7357}.Release|ARM.Build.0 = Release|Any CPU
		{D0D333CB-FA50-4A8A-9BC9-32B7E8BB7357}.Release|x64.ActiveCfg = Release|Any CPU
		{D0D333CB-FA50-4A8A-9BC9-32B7E8BB7357}.Release|x64.Build.0 = Release|Any CPU
		{D0D333CB-FA50-4A8A-9BC9-32B7E8BB7357}.Release|x86.ActiveCfg = Release|Any CPU
		{D0D333CB-FA50-4A8A-9BC9-32B7E8BB7357}.Release|x86.Build.0 = Release|Any CPU
	EndGlobalSection
	GlobalSection(SolutionProperties) = preSolution
		HideSolutionNode = FALSE
	EndGlobalSection
	GlobalSection(ExtensibilityGlobals) = postSolution
		SolutionGuid = {EABE26DC-81B0-4E2D-9F1F-534C7229F3A9}
	EndGlobalSection
EndGlobal
